// !$*UTF8*$!
{
	archiveVersion = 1;
	classes = {
	};
	objectVersion = 50;
	objects = {

/* Begin PBXBuildFile section */
		F1EAC48225DB455600EF1529 /* LaunchScreen.storyboard in Resources */ = {isa = PBXBuildFile; fileRef = F1EAC47825DB455500EF1529 /* LaunchScreen.storyboard */; };
		F1EAC48325DB455600EF1529 /* Main.storyboard in Resources */ = {isa = PBXBuildFile; fileRef = F1EAC47A25DB455600EF1529 /* Main.storyboard */; };
		F1EAC48425DB455600EF1529 /* Info.plist in Resources */ = {isa = PBXBuildFile; fileRef = F1EAC47D25DB455600EF1529 /* Info.plist */; };
		F1EAC48525DB455600EF1529 /* Group 2.jpg in Resources */ = {isa = PBXBuildFile; fileRef = F1EAC47F25DB455600EF1529 /* Group 2.jpg */; };
		F1EAC48625DB455600EF1529 /* Group.jpg in Resources */ = {isa = PBXBuildFile; fileRef = F1EAC48025DB455600EF1529 /* Group.jpg */; };
		F1EAC48725DB455600EF1529 /* Assets.xcassets in Resources */ = {isa = PBXBuildFile; fileRef = F1EAC48125DB455600EF1529 /* Assets.xcassets */; };
		F1EAC49925DB455D00EF1529 /* ViewDetailsTableViewCell.swift in Sources */ = {isa = PBXBuildFile; fileRef = F1EAC48B25DB455D00EF1529 /* ViewDetailsTableViewCell.swift */; };
		F1EAC49A25DB455D00EF1529 /* CoreDataManager.swift in Sources */ = {isa = PBXBuildFile; fileRef = F1EAC48D25DB455D00EF1529 /* CoreDataManager.swift */; };
		F1EAC49B25DB455D00EF1529 /* PersonalDiary+CoreDataClass.swift in Sources */ = {isa = PBXBuildFile; fileRef = F1EAC48E25DB455D00EF1529 /* PersonalDiary+CoreDataClass.swift */; };
		F1EAC49C25DB455D00EF1529 /* PersonalDiary+CoreDataProperties.swift in Sources */ = {isa = PBXBuildFile; fileRef = F1EAC48F25DB455D00EF1529 /* PersonalDiary+CoreDataProperties.swift */; };
		F1EAC49D25DB455D00EF1529 /* MomentsOfLife.xcdatamodeld in Sources */ = {isa = PBXBuildFile; fileRef = F1EAC49025DB455D00EF1529 /* MomentsOfLife.xcdatamodeld */; };
		F1EAC49E25DB455D00EF1529 /* AppDelegate.swift in Sources */ = {isa = PBXBuildFile; fileRef = F1EAC49225DB455D00EF1529 /* AppDelegate.swift */; };
		F1EAC49F25DB455D00EF1529 /* ViewController.swift in Sources */ = {isa = PBXBuildFile; fileRef = F1EAC49425DB455D00EF1529 /* ViewController.swift */; };
		F1EAC4A025DB455D00EF1529 /* ViewDetailsViewController.swift in Sources */ = {isa = PBXBuildFile; fileRef = F1EAC49525DB455D00EF1529 /* ViewDetailsViewController.swift */; };
		F1EAC4A125DB455D00EF1529 /* DatePickerViewController.swift in Sources */ = {isa = PBXBuildFile; fileRef = F1EAC49625DB455D00EF1529 /* DatePickerViewController.swift */; };
		F1EAC4A225DB455D00EF1529 /* detaileddescViewController.swift in Sources */ = {isa = PBXBuildFile; fileRef = F1EAC49725DB455D00EF1529 /* detaileddescViewController.swift */; };
		F1EAC4A325DB455D00EF1529 /* DiaryTextViewController.swift in Sources */ = {isa = PBXBuildFile; fileRef = F1EAC49825DB455D00EF1529 /* DiaryTextViewController.swift */; };
/* End PBXBuildFile section */

/* Begin PBXFileReference section */
		E20A38CE2293C63A00F7AFD5 /* MomentsOfLife.app */ = {isa = PBXFileReference; explicitFileType = wrapper.application; includeInIndex = 0; path = MomentsOfLife.app; sourceTree = BUILT_PRODUCTS_DIR; };
		F1EAC47925DB455600EF1529 /* Base */ = {isa = PBXFileReference; lastKnownFileType = file.storyboard; name = Base; path = Base.lproj/LaunchScreen.storyboard; sourceTree = "<group>"; };
		F1EAC47B25DB455600EF1529 /* Base */ = {isa = PBXFileReference; lastKnownFileType = file.storyboard; name = Base; path = Base.lproj/Main.storyboard; sourceTree = "<group>"; };
		F1EAC47D25DB455600EF1529 /* Info.plist */ = {isa = PBXFileReference; fileEncoding = 4; lastKnownFileType = text.plist.xml; path = Info.plist; sourceTree = "<group>"; };
		F1EAC47F25DB455600EF1529 /* Group 2.jpg */ = {isa = PBXFileReference; lastKnownFileType = image.jpeg; path = "Group 2.jpg"; sourceTree = "<group>"; };
		F1EAC48025DB455600EF1529 /* Group.jpg */ = {isa = PBXFileReference; lastKnownFileType = image.jpeg; path = Group.jpg; sourceTree = "<group>"; };
		F1EAC48125DB455600EF1529 /* Assets.xcassets */ = {isa = PBXFileReference; lastKnownFileType = folder.assetcatalog; path = Assets.xcassets; sourceTree = "<group>"; };
		F1EAC48B25DB455D00EF1529 /* ViewDetailsTableViewCell.swift */ = {isa = PBXFileReference; fileEncoding = 4; lastKnownFileType = sourcecode.swift; path = ViewDetailsTableViewCell.swift; sourceTree = "<group>"; };
		F1EAC48D25DB455D00EF1529 /* CoreDataManager.swift */ = {isa = PBXFileReference; fileEncoding = 4; lastKnownFileType = sourcecode.swift; path = CoreDataManager.swift; sourceTree = "<group>"; };
		F1EAC48E25DB455D00EF1529 /* PersonalDiary+CoreDataClass.swift */ = {isa = PBXFileReference; fileEncoding = 4; lastKnownFileType = sourcecode.swift; path = "PersonalDiary+CoreDataClass.swift"; sourceTree = "<group>"; };
		F1EAC48F25DB455D00EF1529 /* PersonalDiary+CoreDataProperties.swift */ = {isa = PBXFileReference; fileEncoding = 4; lastKnownFileType = sourcecode.swift; path = "PersonalDiary+CoreDataProperties.swift"; sourceTree = "<group>"; };
		F1EAC49125DB455D00EF1529 /* MomentsOfLife.xcdatamodel */ = {isa = PBXFileReference; lastKnownFileType = wrapper.xcdatamodel; path = MomentsOfLife.xcdatamodel; sourceTree = "<group>"; };
		F1EAC49225DB455D00EF1529 /* AppDelegate.swift */ = {isa = PBXFileReference; fileEncoding = 4; lastKnownFileType = sourcecode.swift; path = AppDelegate.swift; sourceTree = "<group>"; };
		F1EAC49425DB455D00EF1529 /* ViewController.swift */ = {isa = PBXFileReference; fileEncoding = 4; lastKnownFileType = sourcecode.swift; path = ViewController.swift; sourceTree = "<group>"; };
		F1EAC49525DB455D00EF1529 /* ViewDetailsViewController.swift */ = {isa = PBXFileReference; fileEncoding = 4; lastKnownFileType = sourcecode.swift; path = ViewDetailsViewController.swift; sourceTree = "<group>"; };
		F1EAC49625DB455D00EF1529 /* DatePickerViewController.swift */ = {isa = PBXFileReference; fileEncoding = 4; lastKnownFileType = sourcecode.swift; path = DatePickerViewController.swift; sourceTree = "<group>"; };
		F1EAC49725DB455D00EF1529 /* detaileddescViewController.swift */ = {isa = PBXFileReference; fileEncoding = 4; lastKnownFileType = sourcecode.swift; path = detaileddescViewController.swift; sourceTree = "<group>"; };
		F1EAC49825DB455D00EF1529 /* DiaryTextViewController.swift */ = {isa = PBXFileReference; fileEncoding = 4; lastKnownFileType = sourcecode.swift; path = DiaryTextViewController.swift; sourceTree = "<group>"; };
/* End PBXFileReference section */

/* Begin PBXFrameworksBuildPhase section */
		E20A38CB2293C63A00F7AFD5 /* Frameworks */ = {
			isa = PBXFrameworksBuildPhase;
			buildActionMask = 2147483647;
			files = (
			);
			runOnlyForDeploymentPostprocessing = 0;
		};
/* End PBXFrameworksBuildPhase section */

/* Begin PBXGroup section */
		E20A38C52293C63A00F7AFD5 = {
			isa = PBXGroup;
			children = (
				E20A38D02293C63A00F7AFD5 /* MomentsOfLife */,
				E20A38CF2293C63A00F7AFD5 /* Products */,
			);
			sourceTree = "<group>";
		};
		E20A38CF2293C63A00F7AFD5 /* Products */ = {
			isa = PBXGroup;
			children = (
				E20A38CE2293C63A00F7AFD5 /* MomentsOfLife.app */,
			);
			name = Products;
			sourceTree = "<group>";
		};
		E20A38D02293C63A00F7AFD5 /* MomentsOfLife */ = {
			isa = PBXGroup;
			children = (
				F1EAC48925DB455D00EF1529 /* Sources */,
				F1EAC47625DB455500EF1529 /* Resources */,
			);
			path = MomentsOfLife;
			sourceTree = "<group>";
		};
		F1EAC47625DB455500EF1529 /* Resources */ = {
			isa = PBXGroup;
			children = (
				F1EAC47725DB455500EF1529 /* Interfaces-Views */,
				F1EAC47C25DB455600EF1529 /* SupportingFiles */,
				F1EAC47E25DB455600EF1529 /* Assets */,
			);
			path = Resources;
			sourceTree = "<group>";
		};
		F1EAC47725DB455500EF1529 /* Interfaces-Views */ = {
			isa = PBXGroup;
			children = (
				F1EAC47825DB455500EF1529 /* LaunchScreen.storyboard */,
				F1EAC47A25DB455600EF1529 /* Main.storyboard */,
			);
			path = "Interfaces-Views";
			sourceTree = "<group>";
		};
		F1EAC47C25DB455600EF1529 /* SupportingFiles */ = {
			isa = PBXGroup;
			children = (
				F1EAC47D25DB455600EF1529 /* Info.plist */,
			);
			path = SupportingFiles;
			sourceTree = "<group>";
		};
		F1EAC47E25DB455600EF1529 /* Assets */ = {
			isa = PBXGroup;
			children = (
				F1EAC47F25DB455600EF1529 /* Group 2.jpg */,
				F1EAC48025DB455600EF1529 /* Group.jpg */,
				F1EAC48125DB455600EF1529 /* Assets.xcassets */,
			);
			path = Assets;
			sourceTree = "<group>";
		};
		F1EAC48925DB455D00EF1529 /* Sources */ = {
			isa = PBXGroup;
			children = (
				F1EAC48A25DB455D00EF1529 /* Cells */,
				F1EAC48C25DB455D00EF1529 /* Model */,
				F1EAC49225DB455D00EF1529 /* AppDelegate.swift */,
				F1EAC49325DB455D00EF1529 /* Controllers */,
			);
			path = Sources;
			sourceTree = "<group>";
		};
		F1EAC48A25DB455D00EF1529 /* Cells */ = {
			isa = PBXGroup;
			children = (
				F1EAC48B25DB455D00EF1529 /* ViewDetailsTableViewCell.swift */,
			);
			path = Cells;
			sourceTree = "<group>";
		};
		F1EAC48C25DB455D00EF1529 /* Model */ = {
			isa = PBXGroup;
			children = (
				F1EAC48D25DB455D00EF1529 /* CoreDataManager.swift */,
				F1EAC48E25DB455D00EF1529 /* PersonalDiary+CoreDataClass.swift */,
				F1EAC48F25DB455D00EF1529 /* PersonalDiary+CoreDataProperties.swift */,
				F1EAC49025DB455D00EF1529 /* MomentsOfLife.xcdatamodeld */,
			);
			path = Model;
			sourceTree = "<group>";
		};
		F1EAC49325DB455D00EF1529 /* Controllers */ = {
			isa = PBXGroup;
			children = (
				F1EAC49425DB455D00EF1529 /* ViewController.swift */,
				F1EAC49525DB455D00EF1529 /* ViewDetailsViewController.swift */,
				F1EAC49625DB455D00EF1529 /* DatePickerViewController.swift */,
				F1EAC49725DB455D00EF1529 /* detaileddescViewController.swift */,
				F1EAC49825DB455D00EF1529 /* DiaryTextViewController.swift */,
			);
			path = Controllers;
			sourceTree = "<group>";
		};
/* End PBXGroup section */

/* Begin PBXNativeTarget section */
		E20A38CD2293C63A00F7AFD5 /* MomentsOfLife */ = {
			isa = PBXNativeTarget;
			buildConfigurationList = E20A38E32293C63D00F7AFD5 /* Build configuration list for PBXNativeTarget "MomentsOfLife" */;
			buildPhases = (
				E20A38CA2293C63A00F7AFD5 /* Sources */,
				E20A38CB2293C63A00F7AFD5 /* Frameworks */,
				E20A38CC2293C63A00F7AFD5 /* Resources */,
			);
			buildRules = (
			);
			dependencies = (
			);
			name = MomentsOfLife;
			productName = MomentsOfLife;
			productReference = E20A38CE2293C63A00F7AFD5 /* MomentsOfLife.app */;
			productType = "com.apple.product-type.application";
		};
/* End PBXNativeTarget section */

/* Begin PBXProject section */
		E20A38C62293C63A00F7AFD5 /* Project object */ = {
			isa = PBXProject;
			attributes = {
				LastSwiftUpdateCheck = 1020;
				LastUpgradeCheck = 1020;
				ORGANIZATIONNAME = "Venkata Pranathi";
				TargetAttributes = {
					E20A38CD2293C63A00F7AFD5 = {
						CreatedOnToolsVersion = 10.2.1;
					};
				};
			};
			buildConfigurationList = E20A38C92293C63A00F7AFD5 /* Build configuration list for PBXProject "MomentsOfLife" */;
			compatibilityVersion = "Xcode 9.3";
			developmentRegion = en;
			hasScannedForEncodings = 0;
			knownRegions = (
				en,
				Base,
			);
			mainGroup = E20A38C52293C63A00F7AFD5;
			productRefGroup = E20A38CF2293C63A00F7AFD5 /* Products */;
			projectDirPath = "";
			projectRoot = "";
			targets = (
				E20A38CD2293C63A00F7AFD5 /* MomentsOfLife */,
			);
		};
/* End PBXProject section */

/* Begin PBXResourcesBuildPhase section */
		E20A38CC2293C63A00F7AFD5 /* Resources */ = {
			isa = PBXResourcesBuildPhase;
			buildActionMask = 2147483647;
			files = (
				F1EAC48625DB455600EF1529 /* Group.jpg in Resources */,
				F1EAC48225DB455600EF1529 /* LaunchScreen.storyboard in Resources */,
				F1EAC48525DB455600EF1529 /* Group 2.jpg in Resources */,
				F1EAC48325DB455600EF1529 /* Main.storyboard in Resources */,
				F1EAC48725DB455600EF1529 /* Assets.xcassets in Resources */,
				F1EAC48425DB455600EF1529 /* Info.plist in Resources */,
			);
			runOnlyForDeploymentPostprocessing = 0;
		};
/* End PBXResourcesBuildPhase section */

/* Begin PBXSourcesBuildPhase section */
		E20A38CA2293C63A00F7AFD5 /* Sources */ = {
			isa = PBXSourcesBuildPhase;
			buildActionMask = 2147483647;
			files = (
				F1EAC4A325DB455D00EF1529 /* DiaryTextViewController.swift in Sources */,
				F1EAC49E25DB455D00EF1529 /* AppDelegate.swift in Sources */,
				F1EAC49B25DB455D00EF1529 /* PersonalDiary+CoreDataClass.swift in Sources */,
				F1EAC4A125DB455D00EF1529 /* DatePickerViewController.swift in Sources */,
				F1EAC4A025DB455D00EF1529 /* ViewDetailsViewController.swift in Sources */,
				F1EAC49C25DB455D00EF1529 /* PersonalDiary+CoreDataProperties.swift in Sources */,
				F1EAC49A25DB455D00EF1529 /* CoreDataManager.swift in Sources */,
				F1EAC4A225DB455D00EF1529 /* detaileddescViewController.swift in Sources */,
				F1EAC49F25DB455D00EF1529 /* ViewController.swift in Sources */,
				F1EAC49925DB455D00EF1529 /* ViewDetailsTableViewCell.swift in Sources */,
				F1EAC49D25DB455D00EF1529 /* MomentsOfLife.xcdatamodeld in Sources */,
			);
			runOnlyForDeploymentPostprocessing = 0;
		};
/* End PBXSourcesBuildPhase section */

/* Begin PBXVariantGroup section */
		F1EAC47825DB455500EF1529 /* LaunchScreen.storyboard */ = {
			isa = PBXVariantGroup;
			children = (
				F1EAC47925DB455600EF1529 /* Base */,
			);
			name = LaunchScreen.storyboard;
			sourceTree = "<group>";
		};
		F1EAC47A25DB455600EF1529 /* Main.storyboard */ = {
			isa = PBXVariantGroup;
			children = (
				F1EAC47B25DB455600EF1529 /* Base */,
			);
			name = Main.storyboard;
			sourceTree = "<group>";
		};
/* End PBXVariantGroup section */

/* Begin XCBuildConfiguration section */
		E20A38E12293C63D00F7AFD5 /* Debug */ = {
			isa = XCBuildConfiguration;
			buildSettings = {
				ALWAYS_SEARCH_USER_PATHS = NO;
				CLANG_ANALYZER_NONNULL = YES;
				CLANG_ANALYZER_NUMBER_OBJECT_CONVERSION = YES_AGGRESSIVE;
				CLANG_CXX_LANGUAGE_STANDARD = "gnu++14";
				CLANG_CXX_LIBRARY = "libc++";
				CLANG_ENABLE_MODULES = YES;
				CLANG_ENABLE_OBJC_ARC = YES;
				CLANG_ENABLE_OBJC_WEAK = YES;
				CLANG_WARN_BLOCK_CAPTURE_AUTORELEASING = YES;
				CLANG_WARN_BOOL_CONVERSION = YES;
				CLANG_WARN_COMMA = YES;
				CLANG_WARN_CONSTANT_CONVERSION = YES;
				CLANG_WARN_DEPRECATED_OBJC_IMPLEMENTATIONS = YES;
				CLANG_WARN_DIRECT_OBJC_ISA_USAGE = YES_ERROR;
				CLANG_WARN_DOCUMENTATION_COMMENTS = YES;
				CLANG_WARN_EMPTY_BODY = YES;
				CLANG_WARN_ENUM_CONVERSION = YES;
				CLANG_WARN_INFINITE_RECURSION = YES;
				CLANG_WARN_INT_CONVERSION = YES;
				CLANG_WARN_NON_LITERAL_NULL_CONVERSION = YES;
				CLANG_WARN_OBJC_IMPLICIT_RETAIN_SELF = YES;
				CLANG_WARN_OBJC_LITERAL_CONVERSION = YES;
				CLANG_WARN_OBJC_ROOT_CLASS = YES_ERROR;
				CLANG_WARN_RANGE_LOOP_ANALYSIS = YES;
				CLANG_WARN_STRICT_PROTOTYPES = YES;
				CLANG_WARN_SUSPICIOUS_MOVE = YES;
				CLANG_WARN_UNGUARDED_AVAILABILITY = YES_AGGRESSIVE;
				CLANG_WARN_UNREACHABLE_CODE = YES;
				CLANG_WARN__DUPLICATE_METHOD_MATCH = YES;
				CODE_SIGN_IDENTITY = "iPhone Developer";
				COPY_PHASE_STRIP = NO;
				DEBUG_INFORMATION_FORMAT = dwarf;
				ENABLE_STRICT_OBJC_MSGSEND = YES;
				ENABLE_TESTABILITY = YES;
				GCC_C_LANGUAGE_STANDARD = gnu11;
				GCC_DYNAMIC_NO_PIC = NO;
				GCC_NO_COMMON_BLOCKS = YES;
				GCC_OPTIMIZATION_LEVEL = 0;
				GCC_PREPROCESSOR_DEFINITIONS = (
					"DEBUG=1",
					"$(inherited)",
				);
				GCC_WARN_64_TO_32_BIT_CONVERSION = YES;
				GCC_WARN_ABOUT_RETURN_TYPE = YES_ERROR;
				GCC_WARN_UNDECLARED_SELECTOR = YES;
				GCC_WARN_UNINITIALIZED_AUTOS = YES_AGGRESSIVE;
				GCC_WARN_UNUSED_FUNCTION = YES;
				GCC_WARN_UNUSED_VARIABLE = YES;
				IPHONEOS_DEPLOYMENT_TARGET = 12.2;
				MTL_ENABLE_DEBUG_INFO = INCLUDE_SOURCE;
				MTL_FAST_MATH = YES;
				ONLY_ACTIVE_ARCH = YES;
				SDKROOT = iphoneos;
				SWIFT_ACTIVE_COMPILATION_CONDITIONS = DEBUG;
				SWIFT_OPTIMIZATION_LEVEL = "-Onone";
			};
			name = Debug;
		};
		E20A38E22293C63D00F7AFD5 /* Release */ = {
			isa = XCBuildConfiguration;
			buildSettings = {
				ALWAYS_SEARCH_USER_PATHS = NO;
				CLANG_ANALYZER_NONNULL = YES;
				CLANG_ANALYZER_NUMBER_OBJECT_CONVERSION = YES_AGGRESSIVE;
				CLANG_CXX_LANGUAGE_STANDARD = "gnu++14";
				CLANG_CXX_LIBRARY = "libc++";
				CLANG_ENABLE_MODULES = YES;
				CLANG_ENABLE_OBJC_ARC = YES;
				CLANG_ENABLE_OBJC_WEAK = YES;
				CLANG_WARN_BLOCK_CAPTURE_AUTORELEASING = YES;
				CLANG_WARN_BOOL_CONVERSION = YES;
				CLANG_WARN_COMMA = YES;
				CLANG_WARN_CONSTANT_CONVERSION = YES;
				CLANG_WARN_DEPRECATED_OBJC_IMPLEMENTATIONS = YES;
				CLANG_WARN_DIRECT_OBJC_ISA_USAGE = YES_ERROR;
				CLANG_WARN_DOCUMENTATION_COMMENTS = YES;
				CLANG_WARN_EMPTY_BODY = YES;
				CLANG_WARN_ENUM_CONVERSION = YES;
				CLANG_WARN_INFINITE_RECURSION = YES;
				CLANG_WARN_INT_CONVERSION = YES;
				CLANG_WARN_NON_LITERAL_NULL_CONVERSION = YES;
				CLANG_WARN_OBJC_IMPLICIT_RETAIN_SELF = YES;
				CLANG_WARN_OBJC_LITERAL_CONVERSION = YES;
				CLANG_WARN_OBJC_ROOT_CLASS = YES_ERROR;
				CLANG_WARN_RANGE_LOOP_ANALYSIS = YES;
				CLANG_WARN_STRICT_PROTOTYPES = YES;
				CLANG_WARN_SUSPICIOUS_MOVE = YES;
				CLANG_WARN_UNGUARDED_AVAILABILITY = YES_AGGRESSIVE;
				CLANG_WARN_UNREACHABLE_CODE = YES;
				CLANG_WARN__DUPLICATE_METHOD_MATCH = YES;
				CODE_SIGN_IDENTITY = "iPhone Developer";
				COPY_PHASE_STRIP = NO;
				DEBUG_INFORMATION_FORMAT = "dwarf-with-dsym";
				ENABLE_NS_ASSERTIONS = NO;
				ENABLE_STRICT_OBJC_MSGSEND = YES;
				GCC_C_LANGUAGE_STANDARD = gnu11;
				GCC_NO_COMMON_BLOCKS = YES;
				GCC_WARN_64_TO_32_BIT_CONVERSION = YES;
				GCC_WARN_ABOUT_RETURN_TYPE = YES_ERROR;
				GCC_WARN_UNDECLARED_SELECTOR = YES;
				GCC_WARN_UNINITIALIZED_AUTOS = YES_AGGRESSIVE;
				GCC_WARN_UNUSED_FUNCTION = YES;
				GCC_WARN_UNUSED_VARIABLE = YES;
				IPHONEOS_DEPLOYMENT_TARGET = 12.2;
				MTL_ENABLE_DEBUG_INFO = NO;
				MTL_FAST_MATH = YES;
				SDKROOT = iphoneos;
				SWIFT_COMPILATION_MODE = wholemodule;
				SWIFT_OPTIMIZATION_LEVEL = "-O";
				VALIDATE_PRODUCT = YES;
			};
			name = Release;
		};
		E20A38E42293C63D00F7AFD5 /* Debug */ = {
			isa = XCBuildConfiguration;
			buildSettings = {
				ASSETCATALOG_COMPILER_APPICON_NAME = AppIcon;
				CODE_SIGN_IDENTITY = "iPhone Developer";
				CODE_SIGN_STYLE = Automatic;
				DEVELOPMENT_TEAM = HHKT75H668;
				INFOPLIST_FILE = MomentsOfLife/Info.plist;
				LD_RUNPATH_SEARCH_PATHS = (
					"$(inherited)",
					"@executable_path/Frameworks",
				);
				PRODUCT_BUNDLE_IDENTIFIER = com.noteoffeelings;
				PRODUCT_NAME = "$(TARGET_NAME)";
				PROVISIONING_PROFILE_SPECIFIER = "";
				SWIFT_VERSION = 5.0;
				TARGETED_DEVICE_FAMILY = "1,2";
			};
			name = Debug;
		};
		E20A38E52293C63D00F7AFD5 /* Release */ = {
			isa = XCBuildConfiguration;
			buildSettings = {
				ASSETCATALOG_COMPILER_APPICON_NAME = AppIcon;
				CODE_SIGN_IDENTITY = "iPhone Developer";
				CODE_SIGN_STYLE = Automatic;
				DEVELOPMENT_TEAM = HHKT75H668;
				INFOPLIST_FILE = MomentsOfLife/Info.plist;
				LD_RUNPATH_SEARCH_PATHS = (
					"$(inherited)",
					"@executable_path/Frameworks",
				);
				PRODUCT_BUNDLE_IDENTIFIER = com.noteoffeelings;
				PRODUCT_NAME = "$(TARGET_NAME)";
				PROVISIONING_PROFILE_SPECIFIER = "";
				SWIFT_VERSION = 5.0;
				TARGETED_DEVICE_FAMILY = "1,2";
			};
			name = Release;
		};
/* End XCBuildConfiguration section */

/* Begin XCConfigurationList section */
		E20A38C92293C63A00F7AFD5 /* Build configuration list for PBXProject "MomentsOfLife" */ = {
			isa = XCConfigurationList;
			buildConfigurations = (
				E20A38E12293C63D00F7AFD5 /* Debug */,
				E20A38E22293C63D00F7AFD5 /* Release */,
			);
			defaultConfigurationIsVisible = 0;
			defaultConfigurationName = Release;
		};
		E20A38E32293C63D00F7AFD5 /* Build configuration list for PBXNativeTarget "MomentsOfLife" */ = {
			isa = XCConfigurationList;
			buildConfigurations = (
				E20A38E42293C63D00F7AFD5 /* Debug */,
				E20A38E52293C63D00F7AFD5 /* Release */,
			);
			defaultConfigurationIsVisible = 0;
			defaultConfigurationName = Release;
		};
/* End XCConfigurationList section */

/* Begin XCVersionGroup section */
		F1EAC49025DB455D00EF1529 /* MomentsOfLife.xcdatamodeld */ = {
			isa = XCVersionGroup;
			children = (
				F1EAC49125DB455D00EF1529 /* MomentsOfLife.xcdatamodel */,
			);
			currentVersion = F1EAC49125DB455D00EF1529 /* MomentsOfLife.xcdatamodel */;
			path = MomentsOfLife.xcdatamodeld;
			sourceTree = "<group>";
			versionGroupType = wrapper.xcdatamodel;
		};
/* End XCVersionGroup section */
	};
	rootObject = E20A38C62293C63A00F7AFD5 /* Project object */;
}
